
Microsoft Visual Studio Solution File, Format Version 12.00
# Visual Studio Version 16
VisualStudioVersion = 16.0.30711.63
MinimumVisualStudioVersion = 10.0.40219.1
Project("{9A19103F-16F7-4668-BE54-9A1E7A4F7556}") = "UserRegistration", "UserRegistration\UserRegistration.csproj", "{C0C2DE39-20F8-4288-9F1E-14AA022CFF40}"
EndProject
Project("{9A19103F-16F7-4668-BE54-9A1E7A4F7556}") = "UserRegistrationTest", "UserRegistrationTest\UserRegistrationTest.csproj", "{45394768-80D7-445A-B6CC-41834BBF26D8}"
EndProject
Project("{FAE04EC0-301F-11D3-BF4B-00C04F79EFBC}") = "UnitTestUsingLambdaExpression", "UnitTestUsingLambdaExpression\UnitTestUsingLambdaExpression.csproj", "{6A6D6048-6EC5-41D1-A584-AED9CCD816C8}"
EndProject
Global
	GlobalSection(SolutionConfigurationPlatforms) = preSolution
		Debug|Any CPU = Debug|Any CPU
		Release|Any CPU = Release|Any CPU
	EndGlobalSection
	GlobalSection(ProjectConfigurationPlatforms) = postSolution
		{C0C2DE39-20F8-4288-9F1E-14AA022CFF40}.Debug|Any CPU.ActiveCfg = Debug|Any CPU
		{C0C2DE39-20F8-4288-9F1E-14AA022CFF40}.Debug|Any CPU.Build.0 = Debug|Any CPU
		{C0C2DE39-20F8-4288-9F1E-14AA022CFF40}.Release|Any CPU.ActiveCfg = Release|Any CPU
		{C0C2DE39-20F8-4288-9F1E-14AA022CFF40}.Release|Any CPU.Build.0 = Release|Any CPU
		{45394768-80D7-445A-B6CC-41834BBF26D8}.Debug|Any CPU.ActiveCfg = Debug|Any CPU
		{45394768-80D7-445A-B6CC-41834BBF26D8}.Debug|Any CPU.Build.0 = Debug|Any CPU
		{45394768-80D7-445A-B6CC-41834BBF26D8}.Release|Any CPU.ActiveCfg = Release|Any CPU
		{45394768-80D7-445A-B6CC-41834BBF26D8}.Release|Any CPU.Build.0 = Release|Any CPU
		{6A6D6048-6EC5-41D1-A584-AED9CCD816C8}.Debug|Any CPU.ActiveCfg = Debug|Any CPU
		{6A6D6048-6EC5-41D1-A584-AED9CCD816C8}.Debug|Any CPU.Build.0 = Debug|Any CPU
		{6A6D6048-6EC5-41D1-A584-AED9CCD816C8}.Release|Any CPU.ActiveCfg = Release|Any CPU
		{6A6D6048-6EC5-41D1-A584-AED9CCD816C8}.Release|Any CPU.Build.0 = Release|Any CPU
	EndGlobalSection
	GlobalSection(SolutionProperties) = preSolution
		HideSolutionNode = FALSE
	EndGlobalSection
	GlobalSection(ExtensibilityGlobals) = postSolution
		SolutionGuid = {1B81F2C8-0EBC-44EF-8090-EC584810A27E}
	EndGlobalSection
EndGlobal
